
Microsoft Visual Studio Solution File, Format Version 12.00
# Visual Studio 15
Project("{FAE04EC0-301F-11D3-BF4B-00C04F79EFBC}") = "Assembly-CSharp-Editor", "Assembly-CSharp-Editor.csproj", "{04BA98E1-D038-D070-EA34-09E282CC5087}"
EndProject
Project("{FAE04EC0-301F-11D3-BF4B-00C04F79EFBC}") = "Assembly-CSharp", "Assembly-CSharp.csproj", "{EA5D79A1-9B76-60F6-1B49-B2F66ECDD30B}"
EndProject
Global
	GlobalSection(SolutionConfigurationPlatforms) = preSolution
		Debug|Any CPU = Debug|Any CPU
		Release|Any CPU = Release|Any CPU
	EndGlobalSection
	GlobalSection(ProjectConfigurationPlatforms) = postSolution
		{04BA98E1-D038-D070-EA34-09E282CC5087}.Debug|Any CPU.ActiveCfg = Debug|Any CPU
		{04BA98E1-D038-D070-EA34-09E282CC5087}.Debug|Any CPU.Build.0 = Debug|Any CPU
		{04BA98E1-D038-D070-EA34-09E282CC5087}.Release|Any CPU.ActiveCfg = Release|Any CPU
		{04BA98E1-D038-D070-EA34-09E282CC5087}.Release|Any CPU.Build.0 = Release|Any CPU
		{EA5D79A1-9B76-60F6-1B49-B2F66ECDD30B}.Debug|Any CPU.ActiveCfg = Debug|Any CPU
		{EA5D79A1-9B76-60F6-1B49-B2F66ECDD30B}.Debug|Any CPU.Build.0 = Debug|Any CPU
		{EA5D79A1-9B76-60F6-1B49-B2F66ECDD30B}.Release|Any CPU.ActiveCfg = Release|Any CPU
		{EA5D79A1-9B76-60F6-1B49-B2F66ECDD30B}.Release|Any CPU.Build.0 = Release|Any CPU
	EndGlobalSection
	GlobalSection(SolutionProperties) = preSolution
		HideSolutionNode = FALSE
	EndGlobalSection
EndGlobal
